
Microsoft Visual Studio Solution File, Format Version 12.00
# Visual Studio Version 17
VisualStudioVersion = 17.11.35312.102
MinimumVisualStudioVersion = 10.0.40219.1
Project("{FAE04EC0-301F-11D3-BF4B-00C04F79EFBC}") = "NorthWind.Entities", "NorthWind.Entities\NorthWind.Entities.csproj", "{0B5B1297-5428-46F8-B252-5CEB38ED179E}"
EndProject
Global
	GlobalSection(SolutionConfigurationPlatforms) = preSolution
		Debug|Any CPU = Debug|Any CPU
		Release|Any CPU = Release|Any CPU
	EndGlobalSection
	GlobalSection(ProjectConfigurationPlatforms) = postSolution
		{0B5B1297-5428-46F8-B252-5CEB38ED179E}.Debug|Any CPU.ActiveCfg = Debug|Any CPU
		{0B5B1297-5428-46F8-B252-5CEB38ED179E}.Debug|Any CPU.Build.0 = Debug|Any CPU
		{0B5B1297-5428-46F8-B252-5CEB38ED179E}.Release|Any CPU.ActiveCfg = Release|Any CPU
		{0B5B1297-5428-46F8-B252-5CEB38ED179E}.Release|Any CPU.Build.0 = Release|Any CPU
	EndGlobalSection
	GlobalSection(SolutionProperties) = preSolution
		HideSolutionNode = FALSE
	EndGlobalSection
	GlobalSection(ExtensibilityGlobals) = postSolution
		SolutionGuid = {DB5A1632-D866-448C-89B0-23B7C21220C4}
	EndGlobalSection
EndGlobal
