
Microsoft Visual Studio Solution File, Format Version 12.00
# Visual Studio Version 17
VisualStudioVersion = 17.11.35312.102
MinimumVisualStudioVersion = 10.0.40219.1
Project("{9A19103F-16F7-4668-BE54-9A1E7A4F7556}") = "NorthWind.Entities", "NorthWind.Entities\NorthWind.Entities.csproj", "{0B5B1297-5428-46F8-B252-5CEB38ED179E}"
EndProject
Project("{9A19103F-16F7-4668-BE54-9A1E7A4F7556}") = "NorthWind.ConsoleApp", "NorthWind.ConsoleApp\NorthWind.ConsoleApp.csproj", "{9518C993-CB92-403E-A386-E7DCE1C26534}"
EndProject
Project("{9A19103F-16F7-4668-BE54-9A1E7A4F7556}") = "NorthWind.Writers", "NorthWind.Writers\NorthWind.Writers.csproj", "{A2A5FC80-B467-4DD2-8506-2717A5B4C0FB}"
EndProject
Project("{FAE04EC0-301F-11D3-BF4B-00C04F79EFBC}") = "NorthWind.IoC", "NorthWind.IoC\NorthWind.IoC.csproj", "{E389ED02-5A90-4E24-AC0E-66945A28795F}"
EndProject
Project("{FAE04EC0-301F-11D3-BF4B-00C04F79EFBC}") = "NorthWind.Core", "NorthWind.Core\NorthWind.Core.csproj", "{2F086C46-6729-4291-A5C1-394706BCF775}"
EndProject
Global
	GlobalSection(SolutionConfigurationPlatforms) = preSolution
		Debug|Any CPU = Debug|Any CPU
		Release|Any CPU = Release|Any CPU
	EndGlobalSection
	GlobalSection(ProjectConfigurationPlatforms) = postSolution
		{0B5B1297-5428-46F8-B252-5CEB38ED179E}.Debug|Any CPU.ActiveCfg = Debug|Any CPU
		{0B5B1297-5428-46F8-B252-5CEB38ED179E}.Debug|Any CPU.Build.0 = Debug|Any CPU
		{0B5B1297-5428-46F8-B252-5CEB38ED179E}.Release|Any CPU.ActiveCfg = Release|Any CPU
		{0B5B1297-5428-46F8-B252-5CEB38ED179E}.Release|Any CPU.Build.0 = Release|Any CPU
		{9518C993-CB92-403E-A386-E7DCE1C26534}.Debug|Any CPU.ActiveCfg = Debug|Any CPU
		{9518C993-CB92-403E-A386-E7DCE1C26534}.Debug|Any CPU.Build.0 = Debug|Any CPU
		{9518C993-CB92-403E-A386-E7DCE1C26534}.Release|Any CPU.ActiveCfg = Release|Any CPU
		{9518C993-CB92-403E-A386-E7DCE1C26534}.Release|Any CPU.Build.0 = Release|Any CPU
		{A2A5FC80-B467-4DD2-8506-2717A5B4C0FB}.Debug|Any CPU.ActiveCfg = Debug|Any CPU
		{A2A5FC80-B467-4DD2-8506-2717A5B4C0FB}.Debug|Any CPU.Build.0 = Debug|Any CPU
		{A2A5FC80-B467-4DD2-8506-2717A5B4C0FB}.Release|Any CPU.ActiveCfg = Release|Any CPU
		{A2A5FC80-B467-4DD2-8506-2717A5B4C0FB}.Release|Any CPU.Build.0 = Release|Any CPU
		{E389ED02-5A90-4E24-AC0E-66945A28795F}.Debug|Any CPU.ActiveCfg = Debug|Any CPU
		{E389ED02-5A90-4E24-AC0E-66945A28795F}.Debug|Any CPU.Build.0 = Debug|Any CPU
		{E389ED02-5A90-4E24-AC0E-66945A28795F}.Release|Any CPU.ActiveCfg = Release|Any CPU
		{E389ED02-5A90-4E24-AC0E-66945A28795F}.Release|Any CPU.Build.0 = Release|Any CPU
		{2F086C46-6729-4291-A5C1-394706BCF775}.Debug|Any CPU.ActiveCfg = Debug|Any CPU
		{2F086C46-6729-4291-A5C1-394706BCF775}.Debug|Any CPU.Build.0 = Debug|Any CPU
		{2F086C46-6729-4291-A5C1-394706BCF775}.Release|Any CPU.ActiveCfg = Release|Any CPU
		{2F086C46-6729-4291-A5C1-394706BCF775}.Release|Any CPU.Build.0 = Release|Any CPU
	EndGlobalSection
	GlobalSection(SolutionProperties) = preSolution
		HideSolutionNode = FALSE
	EndGlobalSection
	GlobalSection(ExtensibilityGlobals) = postSolution
		SolutionGuid = {DB5A1632-D866-448C-89B0-23B7C21220C4}
	EndGlobalSection
EndGlobal
